
Microsoft Visual Studio Solution File, Format Version 12.00
# Visual Studio Version 16
VisualStudioVersion = 16.0.29709.97
MinimumVisualStudioVersion = 10.0.40219.1
Project("{9A19103F-16F7-4668-BE54-9A1E7A4F7556}") = "CatSpider.Core", "CatSpider.Core\CatSpider.Core.csproj", "{57EA5FF9-14F6-4A52-AB3C-D670BDB6ADF2}"
EndProject
Project("{FAE04EC0-301F-11D3-BF4B-00C04F79EFBC}") = "CatSpider.Test", "CatSpider.Test\CatSpider.Test.csproj", "{7FDCBBAD-7658-46D6-9872-C25B12B66F2B}"
EndProject
Global
	GlobalSection(SolutionConfigurationPlatforms) = preSolution
		Debug|Any CPU = Debug|Any CPU
		Release|Any CPU = Release|Any CPU
	EndGlobalSection
	GlobalSection(ProjectConfigurationPlatforms) = postSolution
		{57EA5FF9-14F6-4A52-AB3C-D670BDB6ADF2}.Debug|Any CPU.ActiveCfg = Debug|Any CPU
		{57EA5FF9-14F6-4A52-AB3C-D670BDB6ADF2}.Debug|Any CPU.Build.0 = Debug|Any CPU
		{57EA5FF9-14F6-4A52-AB3C-D670BDB6ADF2}.Release|Any CPU.ActiveCfg = Release|Any CPU
		{57EA5FF9-14F6-4A52-AB3C-D670BDB6ADF2}.Release|Any CPU.Build.0 = Release|Any CPU
		{7FDCBBAD-7658-46D6-9872-C25B12B66F2B}.Debug|Any CPU.ActiveCfg = Debug|Any CPU
		{7FDCBBAD-7658-46D6-9872-C25B12B66F2B}.Debug|Any CPU.Build.0 = Debug|Any CPU
		{7FDCBBAD-7658-46D6-9872-C25B12B66F2B}.Release|Any CPU.ActiveCfg = Release|Any CPU
		{7FDCBBAD-7658-46D6-9872-C25B12B66F2B}.Release|Any CPU.Build.0 = Release|Any CPU
	EndGlobalSection
	GlobalSection(SolutionProperties) = preSolution
		HideSolutionNode = FALSE
	EndGlobalSection
	GlobalSection(ExtensibilityGlobals) = postSolution
		SolutionGuid = {87A80AA2-46E0-4712-BFF0-F3E1D59A49DD}
	EndGlobalSection
EndGlobal
